// !$*UTF8*$!
{
	archiveVersion = 1;
	classes = {
	};
	objectVersion = 56;
	objects = {

/* Begin PBXBuildFile section */
		A119A50F2BF81781006D1ED5 /* CoffeeDatabaseApp.swift in Sources */ = {isa = PBXBuildFile; fileRef = A119A50E2BF81781006D1ED5 /* CoffeeDatabaseApp.swift */; };
		A119A5112BF81781006D1ED5 /* ContentView.swift in Sources */ = {isa = PBXBuildFile; fileRef = A119A5102BF81781006D1ED5 /* ContentView.swift */; };
		A119A5132BF81781006D1ED5 /* Item.swift in Sources */ = {isa = PBXBuildFile; fileRef = A119A5122BF81781006D1ED5 /* Item.swift */; };
		A119A5152BF81785006D1ED5 /* Assets.xcassets in Resources */ = {isa = PBXBuildFile; fileRef = A119A5142BF81785006D1ED5 /* Assets.xcassets */; };
		A119A5192BF81785006D1ED5 /* Preview Assets.xcassets in Resources */ = {isa = PBXBuildFile; fileRef = A119A5182BF81785006D1ED5 /* Preview Assets.xcassets */; };
		A119A5232BF81785006D1ED5 /* CoffeeDatabaseTests.swift in Sources */ = {isa = PBXBuildFile; fileRef = A119A5222BF81785006D1ED5 /* CoffeeDatabaseTests.swift */; };
		A119A52D2BF81785006D1ED5 /* CoffeeDatabaseUITests.swift in Sources */ = {isa = PBXBuildFile; fileRef = A119A52C2BF81785006D1ED5 /* CoffeeDatabaseUITests.swift */; };
		A119A52F2BF81785006D1ED5 /* CoffeeDatabaseUITestsLaunchTests.swift in Sources */ = {isa = PBXBuildFile; fileRef = A119A52E2BF81785006D1ED5 /* CoffeeDatabaseUITestsLaunchTests.swift */; };
/* End PBXBuildFile section */

/* Begin PBXContainerItemProxy section */
		A119A51F2BF81785006D1ED5 /* PBXContainerItemProxy */ = {
			isa = PBXContainerItemProxy;
			containerPortal = A119A5032BF81781006D1ED5 /* Project object */;
			proxyType = 1;
			remoteGlobalIDString = A119A50A2BF81781006D1ED5;
			remoteInfo = CoffeeDatabase;
		};
		A119A5292BF81785006D1ED5 /* PBXContainerItemProxy */ = {
			isa = PBXContainerItemProxy;
			containerPortal = A119A5032BF81781006D1ED5 /* Project object */;
			proxyType = 1;
			remoteGlobalIDString = A119A50A2BF81781006D1ED5;
			remoteInfo = CoffeeDatabase;
		};
/* End PBXContainerItemProxy section */

/* Begin PBXFileReference section */
		A119A50B2BF81781006D1ED5 /* CoffeeDatabase.app */ = {isa = PBXFileReference; explicitFileType = wrapper.application; includeInIndex = 0; path = CoffeeDatabase.app; sourceTree = BUILT_PRODUCTS_DIR; };
		A119A50E2BF81781006D1ED5 /* CoffeeDatabaseApp.swift */ = {isa = PBXFileReference; lastKnownFileType = sourcecode.swift; path = CoffeeDatabaseApp.swift; sourceTree = "<group>"; };
		A119A5102BF81781006D1ED5 /* ContentView.swift */ = {isa = PBXFileReference; lastKnownFileType = sourcecode.swift; path = ContentView.swift; sourceTree = "<group>"; };
		A119A5122BF81781006D1ED5 /* Item.swift */ = {isa = PBXFileReference; lastKnownFileType = sourcecode.swift; path = Item.swift; sourceTree = "<group>"; };
		A119A5142BF81785006D1ED5 /* Assets.xcassets */ = {isa = PBXFileReference; lastKnownFileType = folder.assetcatalog; path = Assets.xcassets; sourceTree = "<group>"; };
		A119A5162BF81785006D1ED5 /* CoffeeDatabase.entitlements */ = {isa = PBXFileReference; lastKnownFileType = text.plist.entitlements; path = CoffeeDatabase.entitlements; sourceTree = "<group>"; };
		A119A5182BF81785006D1ED5 /* Preview Assets.xcassets */ = {isa = PBXFileReference; lastKnownFileType = folder.assetcatalog; path = "Preview Assets.xcassets"; sourceTree = "<group>"; };
		A119A51E2BF81785006D1ED5 /* CoffeeDatabaseTests.xctest */ = {isa = PBXFileReference; explicitFileType = wrapper.cfbundle; includeInIndex = 0; path = CoffeeDatabaseTests.xctest; sourceTree = BUILT_PRODUCTS_DIR; };
		A119A5222BF81785006D1ED5 /* CoffeeDatabaseTests.swift */ = {isa = PBXFileReference; lastKnownFileType = sourcecode.swift; path = CoffeeDatabaseTests.swift; sourceTree = "<group>"; };
		A119A5282BF81785006D1ED5 /* CoffeeDatabaseUITests.xctest */ = {isa = PBXFileReference; explicitFileType = wrapper.cfbundle; includeInIndex = 0; path = CoffeeDatabaseUITests.xctest; sourceTree = BUILT_PRODUCTS_DIR; };
		A119A52C2BF81785006D1ED5 /* CoffeeDatabaseUITests.swift */ = {isa = PBXFileReference; lastKnownFileType = sourcecode.swift; path = CoffeeDatabaseUITests.swift; sourceTree = "<group>"; };
		A119A52E2BF81785006D1ED5 /* CoffeeDatabaseUITestsLaunchTests.swift */ = {isa = PBXFileReference; lastKnownFileType = sourcecode.swift; path = CoffeeDatabaseUITestsLaunchTests.swift; sourceTree = "<group>"; };
/* End PBXFileReference section */

/* Begin PBXFrameworksBuildPhase section */
		A119A5082BF81781006D1ED5 /* Frameworks */ = {
			isa = PBXFrameworksBuildPhase;
			buildActionMask = 2147483647;
			files = (
			);
			runOnlyForDeploymentPostprocessing = 0;
		};
		A119A51B2BF81785006D1ED5 /* Frameworks */ = {
			isa = PBXFrameworksBuildPhase;
			buildActionMask = 2147483647;
			files = (
			);
			runOnlyForDeploymentPostprocessing = 0;
		};
		A119A5252BF81785006D1ED5 /* Frameworks */ = {
			isa = PBXFrameworksBuildPhase;
			buildActionMask = 2147483647;
			files = (
			);
			runOnlyForDeploymentPostprocessing = 0;
		};
/* End PBXFrameworksBuildPhase section */

/* Begin PBXGroup section */
		A119A5022BF81781006D1ED5 = {
			isa = PBXGroup;
			children = (
				A119A50D2BF81781006D1ED5 /* CoffeeDatabase */,
				A119A5212BF81785006D1ED5 /* CoffeeDatabaseTests */,
				A119A52B2BF81785006D1ED5 /* CoffeeDatabaseUITests */,
				A119A50C2BF81781006D1ED5 /* Products */,
			);
			sourceTree = "<group>";
		};
		A119A50C2BF81781006D1ED5 /* Products */ = {
			isa = PBXGroup;
			children = (
				A119A50B2BF81781006D1ED5 /* CoffeeDatabase.app */,
				A119A51E2BF81785006D1ED5 /* CoffeeDatabaseTests.xctest */,
				A119A5282BF81785006D1ED5 /* CoffeeDatabaseUITests.xctest */,
			);
			name = Products;
			sourceTree = "<group>";
		};
		A119A50D2BF81781006D1ED5 /* CoffeeDatabase */ = {
			isa = PBXGroup;
			children = (
				A119A50E2BF81781006D1ED5 /* CoffeeDatabaseApp.swift */,
				A119A5102BF81781006D1ED5 /* ContentView.swift */,
				A119A5122BF81781006D1ED5 /* Item.swift */,
				A119A5142BF81785006D1ED5 /* Assets.xcassets */,
				A119A5162BF81785006D1ED5 /* CoffeeDatabase.entitlements */,
				A119A5172BF81785006D1ED5 /* Preview Content */,
			);
			path = CoffeeDatabase;
			sourceTree = "<group>";
		};
		A119A5172BF81785006D1ED5 /* Preview Content */ = {
			isa = PBXGroup;
			children = (
				A119A5182BF81785006D1ED5 /* Preview Assets.xcassets */,
			);
			path = "Preview Content";
			sourceTree = "<group>";
		};
		A119A5212BF81785006D1ED5 /* CoffeeDatabaseTests */ = {
			isa = PBXGroup;
			children = (
				A119A5222BF81785006D1ED5 /* CoffeeDatabaseTests.swift */,
			);
			path = CoffeeDatabaseTests;
			sourceTree = "<group>";
		};
		A119A52B2BF81785006D1ED5 /* CoffeeDatabaseUITests */ = {
			isa = PBXGroup;
			children = (
				A119A52C2BF81785006D1ED5 /* CoffeeDatabaseUITests.swift */,
				A119A52E2BF81785006D1ED5 /* CoffeeDatabaseUITestsLaunchTests.swift */,
			);
			path = CoffeeDatabaseUITests;
			sourceTree = "<group>";
		};
/* End PBXGroup section */

/* Begin PBXNativeTarget section */
		A119A50A2BF81781006D1ED5 /* CoffeeDatabase */ = {
			isa = PBXNativeTarget;
			buildConfigurationList = A119A5322BF81785006D1ED5 /* Build configuration list for PBXNativeTarget "CoffeeDatabase" */;
			buildPhases = (
				A119A5072BF81781006D1ED5 /* Sources */,
				A119A5082BF81781006D1ED5 /* Frameworks */,
				A119A5092BF81781006D1ED5 /* Resources */,
			);
			buildRules = (
			);
			dependencies = (
			);
			name = CoffeeDatabase;
			productName = CoffeeDatabase;
			productReference = A119A50B2BF81781006D1ED5 /* CoffeeDatabase.app */;
			productType = "com.apple.product-type.application";
		};
		A119A51D2BF81785006D1ED5 /* CoffeeDatabaseTests */ = {
			isa = PBXNativeTarget;
			buildConfigurationList = A119A5352BF81785006D1ED5 /* Build configuration list for PBXNativeTarget "CoffeeDatabaseTests" */;
			buildPhases = (
				A119A51A2BF81785006D1ED5 /* Sources */,
				A119A51B2BF81785006D1ED5 /* Frameworks */,
				A119A51C2BF81785006D1ED5 /* Resources */,
			);
			buildRules = (
			);
			dependencies = (
				A119A5202BF81785006D1ED5 /* PBXTargetDependency */,
			);
			name = CoffeeDatabaseTests;
			productName = CoffeeDatabaseTests;
			productReference = A119A51E2BF81785006D1ED5 /* CoffeeDatabaseTests.xctest */;
			productType = "com.apple.product-type.bundle.unit-test";
		};
		A119A5272BF81785006D1ED5 /* CoffeeDatabaseUITests */ = {
			isa = PBXNativeTarget;
			buildConfigurationList = A119A5382BF81785006D1ED5 /* Build configuration list for PBXNativeTarget "CoffeeDatabaseUITests" */;
			buildPhases = (
				A119A5242BF81785006D1ED5 /* Sources */,
				A119A5252BF81785006D1ED5 /* Frameworks */,
				A119A5262BF81785006D1ED5 /* Resources */,
			);
			buildRules = (
			);
			dependencies = (
				A119A52A2BF81785006D1ED5 /* PBXTargetDependency */,
			);
			name = CoffeeDatabaseUITests;
			productName = CoffeeDatabaseUITests;
			productReference = A119A5282BF81785006D1ED5 /* CoffeeDatabaseUITests.xctest */;
			productType = "com.apple.product-type.bundle.ui-testing";
		};
/* End PBXNativeTarget section */

/* Begin PBXProject section */
		A119A5032BF81781006D1ED5 /* Project object */ = {
			isa = PBXProject;
			attributes = {
				BuildIndependentTargetsInParallel = 1;
				LastSwiftUpdateCheck = 1530;
				LastUpgradeCheck = 1530;
				TargetAttributes = {
					A119A50A2BF81781006D1ED5 = {
						CreatedOnToolsVersion = 15.3;
					};
					A119A51D2BF81785006D1ED5 = {
						CreatedOnToolsVersion = 15.3;
						TestTargetID = A119A50A2BF81781006D1ED5;
					};
					A119A5272BF81785006D1ED5 = {
						CreatedOnToolsVersion = 15.3;
						TestTargetID = A119A50A2BF81781006D1ED5;
					};
				};
			};
			buildConfigurationList = A119A5062BF81781006D1ED5 /* Build configuration list for PBXProject "CoffeeDatabase" */;
			compatibilityVersion = "Xcode 14.0";
			developmentRegion = en;
			hasScannedForEncodings = 0;
			knownRegions = (
				en,
				Base,
			);
			mainGroup = A119A5022BF81781006D1ED5;
			productRefGroup = A119A50C2BF81781006D1ED5 /* Products */;
			projectDirPath = "";
			projectRoot = "";
			targets = (
				A119A50A2BF81781006D1ED5 /* CoffeeDatabase */,
				A119A51D2BF81785006D1ED5 /* CoffeeDatabaseTests */,
				A119A5272BF81785006D1ED5 /* CoffeeDatabaseUITests */,
			);
		};
/* End PBXProject section */

/* Begin PBXResourcesBuildPhase section */
		A119A5092BF81781006D1ED5 /* Resources */ = {
			isa = PBXResourcesBuildPhase;
			buildActionMask = 2147483647;
			files = (
				A119A5192BF81785006D1ED5 /* Preview Assets.xcassets in Resources */,
				A119A5152BF81785006D1ED5 /* Assets.xcassets in Resources */,
			);
			runOnlyForDeploymentPostprocessing = 0;
		};
		A119A51C2BF81785006D1ED5 /* Resources */ = {
			isa = PBXResourcesBuildPhase;
			buildActionMask = 2147483647;
			files = (
			);
			runOnlyForDeploymentPostprocessing = 0;
		};
		A119A5262BF81785006D1ED5 /* Resources */ = {
			isa = PBXResourcesBuildPhase;
			buildActionMask = 2147483647;
			files = (
			);
			runOnlyForDeploymentPostprocessing = 0;
		};
/* End PBXResourcesBuildPhase section */

/* Begin PBXSourcesBuildPhase section */
		A119A5072BF81781006D1ED5 /* Sources */ = {
			isa = PBXSourcesBuildPhase;
			buildActionMask = 2147483647;
			files = (
				A119A5112BF81781006D1ED5 /* ContentView.swift in Sources */,
				A119A5132BF81781006D1ED5 /* Item.swift in Sources */,
				A119A50F2BF81781006D1ED5 /* CoffeeDatabaseApp.swift in Sources */,
			);
			runOnlyForDeploymentPostprocessing = 0;
		};
		A119A51A2BF81785006D1ED5 /* Sources */ = {
			isa = PBXSourcesBuildPhase;
			buildActionMask = 2147483647;
			files = (
				A119A5232BF81785006D1ED5 /* CoffeeDatabaseTests.swift in Sources */,
			);
			runOnlyForDeploymentPostprocessing = 0;
		};
		A119A5242BF81785006D1ED5 /* Sources */ = {
			isa = PBXSourcesBuildPhase;
			buildActionMask = 2147483647;
			files = (
				A119A52D2BF81785006D1ED5 /* CoffeeDatabaseUITests.swift in Sources */,
				A119A52F2BF81785006D1ED5 /* CoffeeDatabaseUITestsLaunchTests.swift in Sources */,
			);
			runOnlyForDeploymentPostprocessing = 0;
		};
/* End PBXSourcesBuildPhase section */

/* Begin PBXTargetDependency section */
		A119A5202BF81785006D1ED5 /* PBXTargetDependency */ = {
			isa = PBXTargetDependency;
			target = A119A50A2BF81781006D1ED5 /* CoffeeDatabase */;
			targetProxy = A119A51F2BF81785006D1ED5 /* PBXContainerItemProxy */;
		};
		A119A52A2BF81785006D1ED5 /* PBXTargetDependency */ = {
			isa = PBXTargetDependency;
			target = A119A50A2BF81781006D1ED5 /* CoffeeDatabase */;
			targetProxy = A119A5292BF81785006D1ED5 /* PBXContainerItemProxy */;
		};
/* End PBXTargetDependency section */

/* Begin XCBuildConfiguration section */
		A119A5302BF81785006D1ED5 /* Debug */ = {
			isa = XCBuildConfiguration;
			buildSettings = {
				ALWAYS_SEARCH_USER_PATHS = NO;
				ASSETCATALOG_COMPILER_GENERATE_SWIFT_ASSET_SYMBOL_EXTENSIONS = YES;
				CLANG_ANALYZER_NONNULL = YES;
				CLANG_ANALYZER_NUMBER_OBJECT_CONVERSION = YES_AGGRESSIVE;
				CLANG_CXX_LANGUAGE_STANDARD = "gnu++20";
				CLANG_ENABLE_MODULES = YES;
				CLANG_ENABLE_OBJC_ARC = YES;
				CLANG_ENABLE_OBJC_WEAK = YES;
				CLANG_WARN_BLOCK_CAPTURE_AUTORELEASING = YES;
				CLANG_WARN_BOOL_CONVERSION = YES;
				CLANG_WARN_COMMA = YES;
				CLANG_WARN_CONSTANT_CONVERSION = YES;
				CLANG_WARN_DEPRECATED_OBJC_IMPLEMENTATIONS = YES;
				CLANG_WARN_DIRECT_OBJC_ISA_USAGE = YES_ERROR;
				CLANG_WARN_DOCUMENTATION_COMMENTS = YES;
				CLANG_WARN_EMPTY_BODY = YES;
				CLANG_WARN_ENUM_CONVERSION = YES;
				CLANG_WARN_INFINITE_RECURSION = YES;
				CLANG_WARN_INT_CONVERSION = YES;
				CLANG_WARN_NON_LITERAL_NULL_CONVERSION = YES;
				CLANG_WARN_OBJC_IMPLICIT_RETAIN_SELF = YES;
				CLANG_WARN_OBJC_LITERAL_CONVERSION = YES;
				CLANG_WARN_OBJC_ROOT_CLASS = YES_ERROR;
				CLANG_WARN_QUOTED_INCLUDE_IN_FRAMEWORK_HEADER = YES;
				CLANG_WARN_RANGE_LOOP_ANALYSIS = YES;
				CLANG_WARN_STRICT_PROTOTYPES = YES;
				CLANG_WARN_SUSPICIOUS_MOVE = YES;
				CLANG_WARN_UNGUARDED_AVAILABILITY = YES_AGGRESSIVE;
				CLANG_WARN_UNREACHABLE_CODE = YES;
				CLANG_WARN__DUPLICATE_METHOD_MATCH = YES;
				COPY_PHASE_STRIP = NO;
				DEBUG_INFORMATION_FORMAT = dwarf;
				ENABLE_STRICT_OBJC_MSGSEND = YES;
				ENABLE_TESTABILITY = YES;
				ENABLE_USER_SCRIPT_SANDBOXING = YES;
				GCC_C_LANGUAGE_STANDARD = gnu17;
				GCC_DYNAMIC_NO_PIC = NO;
				GCC_NO_COMMON_BLOCKS = YES;
				GCC_OPTIMIZATION_LEVEL = 0;
				GCC_PREPROCESSOR_DEFINITIONS = (
					"DEBUG=1",
					"$(inherited)",
				);
				GCC_WARN_64_TO_32_BIT_CONVERSION = YES;
				GCC_WARN_ABOUT_RETURN_TYPE = YES_ERROR;
				GCC_WARN_UNDECLARED_SELECTOR = YES;
				GCC_WARN_UNINITIALIZED_AUTOS = YES_AGGRESSIVE;
				GCC_WARN_UNUSED_FUNCTION = YES;
				GCC_WARN_UNUSED_VARIABLE = YES;
				LOCALIZATION_PREFERS_STRING_CATALOGS = YES;
				MTL_ENABLE_DEBUG_INFO = INCLUDE_SOURCE;
				MTL_FAST_MATH = YES;
				ONLY_ACTIVE_ARCH = YES;
				SWIFT_ACTIVE_COMPILATION_CONDITIONS = "DEBUG $(inherited)";
				SWIFT_OPTIMIZATION_LEVEL = "-Onone";
			};
			name = Debug;
		};
		A119A5312BF81785006D1ED5 /* Release */ = {
			isa = XCBuildConfiguration;
			buildSettings = {
				ALWAYS_SEARCH_USER_PATHS = NO;
				ASSETCATALOG_COMPILER_GENERATE_SWIFT_ASSET_SYMBOL_EXTENSIONS = YES;
				CLANG_ANALYZER_NONNULL = YES;
				CLANG_ANALYZER_NUMBER_OBJECT_CONVERSION = YES_AGGRESSIVE;
				CLANG_CXX_LANGUAGE_STANDARD = "gnu++20";
				CLANG_ENABLE_MODULES = YES;
				CLANG_ENABLE_OBJC_ARC = YES;
				CLANG_ENABLE_OBJC_WEAK = YES;
				CLANG_WARN_BLOCK_CAPTURE_AUTORELEASING = YES;
				CLANG_WARN_BOOL_CONVERSION = YES;
				CLANG_WARN_COMMA = YES;
				CLANG_WARN_CONSTANT_CONVERSION = YES;
				CLANG_WARN_DEPRECATED_OBJC_IMPLEMENTATIONS = YES;
				CLANG_WARN_DIRECT_OBJC_ISA_USAGE = YES_ERROR;
				CLANG_WARN_DOCUMENTATION_COMMENTS = YES;
				CLANG_WARN_EMPTY_BODY = YES;
				CLANG_WARN_ENUM_CONVERSION = YES;
				CLANG_WARN_INFINITE_RECURSION = YES;
				CLANG_WARN_INT_CONVERSION = YES;
				CLANG_WARN_NON_LITERAL_NULL_CONVERSION = YES;
				CLANG_WARN_OBJC_IMPLICIT_RETAIN_SELF = YES;
				CLANG_WARN_OBJC_LITERAL_CONVERSION = YES;
				CLANG_WARN_OBJC_ROOT_CLASS = YES_ERROR;
				CLANG_WARN_QUOTED_INCLUDE_IN_FRAMEWORK_HEADER = YES;
				CLANG_WARN_RANGE_LOOP_ANALYSIS = YES;
				CLANG_WARN_STRICT_PROTOTYPES = YES;
				CLANG_WARN_SUSPICIOUS_MOVE = YES;
				CLANG_WARN_UNGUARDED_AVAILABILITY = YES_AGGRESSIVE;
				CLANG_WARN_UNREACHABLE_CODE = YES;
				CLANG_WARN__DUPLICATE_METHOD_MATCH = YES;
				COPY_PHASE_STRIP = NO;
				DEBUG_INFORMATION_FORMAT = "dwarf-with-dsym";
				ENABLE_NS_ASSERTIONS = NO;
				ENABLE_STRICT_OBJC_MSGSEND = YES;
				ENABLE_USER_SCRIPT_SANDBOXING = YES;
				GCC_C_LANGUAGE_STANDARD = gnu17;
				GCC_NO_COMMON_BLOCKS = YES;
				GCC_WARN_64_TO_32_BIT_CONVERSION = YES;
				GCC_WARN_ABOUT_RETURN_TYPE = YES_ERROR;
				GCC_WARN_UNDECLARED_SELECTOR = YES;
				GCC_WARN_UNINITIALIZED_AUTOS = YES_AGGRESSIVE;
				GCC_WARN_UNUSED_FUNCTION = YES;
				GCC_WARN_UNUSED_VARIABLE = YES;
				LOCALIZATION_PREFERS_STRING_CATALOGS = YES;
				MTL_ENABLE_DEBUG_INFO = NO;
				MTL_FAST_MATH = YES;
				SWIFT_COMPILATION_MODE = wholemodule;
			};
			name = Release;
		};
		A119A5332BF81785006D1ED5 /* Debug */ = {
			isa = XCBuildConfiguration;
			buildSettings = {
				ASSETCATALOG_COMPILER_APPICON_NAME = AppIcon;
				ASSETCATALOG_COMPILER_GLOBAL_ACCENT_COLOR_NAME = AccentColor;
				CODE_SIGN_ENTITLEMENTS = CoffeeDatabase/CoffeeDatabase.entitlements;
				CODE_SIGN_STYLE = Automatic;
				CURRENT_PROJECT_VERSION = 1;
				DEVELOPMENT_ASSET_PATHS = "\"CoffeeDatabase/Preview Content\"";
				ENABLE_PREVIEWS = YES;
				GENERATE_INFOPLIST_FILE = YES;
				"INFOPLIST_KEY_UIApplicationSceneManifest_Generation[sdk=iphoneos*]" = YES;
				"INFOPLIST_KEY_UIApplicationSceneManifest_Generation[sdk=iphonesimulator*]" = YES;
				"INFOPLIST_KEY_UIApplicationSupportsIndirectInputEvents[sdk=iphoneos*]" = YES;
				"INFOPLIST_KEY_UIApplicationSupportsIndirectInputEvents[sdk=iphonesimulator*]" = YES;
				"INFOPLIST_KEY_UILaunchScreen_Generation[sdk=iphoneos*]" = YES;
				"INFOPLIST_KEY_UILaunchScreen_Generation[sdk=iphonesimulator*]" = YES;
				"INFOPLIST_KEY_UIStatusBarStyle[sdk=iphoneos*]" = UIStatusBarStyleDefault;
				"INFOPLIST_KEY_UIStatusBarStyle[sdk=iphonesimulator*]" = UIStatusBarStyleDefault;
				INFOPLIST_KEY_UISupportedInterfaceOrientations_iPad = "UIInterfaceOrientationPortrait UIInterfaceOrientationPortraitUpsideDown UIInterfaceOrientationLandscapeLeft UIInterfaceOrientationLandscapeRight";
				INFOPLIST_KEY_UISupportedInterfaceOrientations_iPhone = "UIInterfaceOrientationPortrait UIInterfaceOrientationLandscapeLeft UIInterfaceOrientationLandscapeRight";
				IPHONEOS_DEPLOYMENT_TARGET = 17.4;
				LD_RUNPATH_SEARCH_PATHS = "@executable_path/Frameworks";
				"LD_RUNPATH_SEARCH_PATHS[sdk=macosx*]" = "@executable_path/../Frameworks";
				MACOSX_DEPLOYMENT_TARGET = 14.0;
				MARKETING_VERSION = 1.0;
				PRODUCT_BUNDLE_IDENTIFIER = hmDigitalEntrepreneureres.CoffeeDatabase;
				PRODUCT_NAME = "$(TARGET_NAME)";
				SDKROOT = auto;
				SUPPORTED_PLATFORMS = "iphoneos iphonesimulator macosx";
				SWIFT_EMIT_LOC_STRINGS = YES;
				SWIFT_VERSION = 5.0;
				TARGETED_DEVICE_FAMILY = "1,2";
			};
			name = Debug;
		};
		A119A5342BF81785006D1ED5 /* Release */ = {
			isa = XCBuildConfiguration;
			buildSettings = {
				ASSETCATALOG_COMPILER_APPICON_NAME = AppIcon;
				ASSETCATALOG_COMPILER_GLOBAL_ACCENT_COLOR_NAME = AccentColor;
				CODE_SIGN_ENTITLEMENTS = CoffeeDatabase/CoffeeDatabase.entitlements;
				CODE_SIGN_STYLE = Automatic;
				CURRENT_PROJECT_VERSION = 1;
				DEVELOPMENT_ASSET_PATHS = "\"CoffeeDatabase/Preview Content\"";
				ENABLE_PREVIEWS = YES;
				GENERATE_INFOPLIST_FILE = YES;
				"INFOPLIST_KEY_UIApplicationSceneManifest_Generation[sdk=iphoneos*]" = YES;
				"INFOPLIST_KEY_UIApplicationSceneManifest_Generation[sdk=iphonesimulator*]" = YES;
				"INFOPLIST_KEY_UIApplicationSupportsIndirectInputEvents[sdk=iphoneos*]" = YES;
				"INFOPLIST_KEY_UIApplicationSupportsIndirectInputEvents[sdk=iphonesimulator*]" = YES;
				"INFOPLIST_KEY_UILaunchScreen_Generation[sdk=iphoneos*]" = YES;
				"INFOPLIST_KEY_UILaunchScreen_Generation[sdk=iphonesimulator*]" = YES;
				"INFOPLIST_KEY_UIStatusBarStyle[sdk=iphoneos*]" = UIStatusBarStyleDefault;
				"INFOPLIST_KEY_UIStatusBarStyle[sdk=iphonesimulator*]" = UIStatusBarStyleDefault;
				INFOPLIST_KEY_UISupportedInterfaceOrientations_iPad = "UIInterfaceOrientationPortrait UIInterfaceOrientationPortraitUpsideDown UIInterfaceOrientationLandscapeLeft UIInterfaceOrientationLandscapeRight";
				INFOPLIST_KEY_UISupportedInterfaceOrientations_iPhone = "UIInterfaceOrientationPortrait UIInterfaceOrientationLandscapeLeft UIInterfaceOrientationLandscapeRight";
				IPHONEOS_DEPLOYMENT_TARGET = 17.4;
				LD_RUNPATH_SEARCH_PATHS = "@executable_path/Frameworks";
				"LD_RUNPATH_SEARCH_PATHS[sdk=macosx*]" = "@executable_path/../Frameworks";
				MACOSX_DEPLOYMENT_TARGET = 14.0;
				MARKETING_VERSION = 1.0;
				PRODUCT_BUNDLE_IDENTIFIER = hmDigitalEntrepreneureres.CoffeeDatabase;
				PRODUCT_NAME = "$(TARGET_NAME)";
				SDKROOT = auto;
				SUPPORTED_PLATFORMS = "iphoneos iphonesimulator macosx";
				SWIFT_EMIT_LOC_STRINGS = YES;
				SWIFT_VERSION = 5.0;
				TARGETED_DEVICE_FAMILY = "1,2";
			};
			name = Release;
		};
		A119A5362BF81785006D1ED5 /* Debug */ = {
			isa = XCBuildConfiguration;
			buildSettings = {
				ALWAYS_EMBED_SWIFT_STANDARD_LIBRARIES = YES;
				BUNDLE_LOADER = "$(TEST_HOST)";
				CODE_SIGN_STYLE = Automatic;
				CURRENT_PROJECT_VERSION = 1;
				GENERATE_INFOPLIST_FILE = YES;
				IPHONEOS_DEPLOYMENT_TARGET = 17.4;
				MACOSX_DEPLOYMENT_TARGET = 14.4;
				MARKETING_VERSION = 1.0;
				PRODUCT_BUNDLE_IDENTIFIER = hmDigitalEntrepreneureres.CoffeeDatabaseTests;
				PRODUCT_NAME = "$(TARGET_NAME)";
				SDKROOT = auto;
				SUPPORTED_PLATFORMS = "iphoneos iphonesimulator macosx";
				SWIFT_EMIT_LOC_STRINGS = NO;
				SWIFT_VERSION = 5.0;
				TARGETED_DEVICE_FAMILY = "1,2";
				TEST_HOST = "$(BUILT_PRODUCTS_DIR)/CoffeeDatabase.app/$(BUNDLE_EXECUTABLE_FOLDER_PATH)/CoffeeDatabase";
			};
			name = Debug;
		};
		A119A5372BF81785006D1ED5 /* Release */ = {
			isa = XCBuildConfiguration;
			buildSettings = {
				ALWAYS_EMBED_SWIFT_STANDARD_LIBRARIES = YES;
				BUNDLE_LOADER = "$(TEST_HOST)";
				CODE_SIGN_STYLE = Automatic;
				CURRENT_PROJECT_VERSION = 1;
				GENERATE_INFOPLIST_FILE = YES;
				IPHONEOS_DEPLOYMENT_TARGET = 17.4;
				MACOSX_DEPLOYMENT_TARGET = 14.4;
				MARKETING_VERSION = 1.0;
				PRODUCT_BUNDLE_IDENTIFIER = hmDigitalEntrepreneureres.CoffeeDatabaseTests;
				PRODUCT_NAME = "$(TARGET_NAME)";
				SDKROOT = auto;
				SUPPORTED_PLATFORMS = "iphoneos iphonesimulator macosx";
				SWIFT_EMIT_LOC_STRINGS = NO;
				SWIFT_VERSION = 5.0;
				TARGETED_DEVICE_FAMILY = "1,2";
				TEST_HOST = "$(BUILT_PRODUCTS_DIR)/CoffeeDatabase.app/$(BUNDLE_EXECUTABLE_FOLDER_PATH)/CoffeeDatabase";
			};
			name = Release;
		};
		A119A5392BF81785006D1ED5 /* Debug */ = {
			isa = XCBuildConfiguration;
			buildSettings = {
				ALWAYS_EMBED_SWIFT_STANDARD_LIBRARIES = YES;
				CODE_SIGN_STYLE = Automatic;
				CURRENT_PROJECT_VERSION = 1;
				GENERATE_INFOPLIST_FILE = YES;
				IPHONEOS_DEPLOYMENT_TARGET = 17.4;
				MACOSX_DEPLOYMENT_TARGET = 14.4;
				MARKETING_VERSION = 1.0;
				PRODUCT_BUNDLE_IDENTIFIER = hmDigitalEntrepreneureres.CoffeeDatabaseUITests;
				PRODUCT_NAME = "$(TARGET_NAME)";
				SDKROOT = auto;
				SUPPORTED_PLATFORMS = "iphoneos iphonesimulator macosx";
				SWIFT_EMIT_LOC_STRINGS = NO;
				SWIFT_VERSION = 5.0;
				TARGETED_DEVICE_FAMILY = "1,2";
				TEST_TARGET_NAME = CoffeeDatabase;
			};
			name = Debug;
		};
		A119A53A2BF81785006D1ED5 /* Release */ = {
			isa = XCBuildConfiguration;
			buildSettings = {
				ALWAYS_EMBED_SWIFT_STANDARD_LIBRARIES = YES;
				CODE_SIGN_STYLE = Automatic;
				CURRENT_PROJECT_VERSION = 1;
				GENERATE_INFOPLIST_FILE = YES;
				IPHONEOS_DEPLOYMENT_TARGET = 17.4;
				MACOSX_DEPLOYMENT_TARGET = 14.4;
				MARKETING_VERSION = 1.0;
				PRODUCT_BUNDLE_IDENTIFIER = hmDigitalEntrepreneureres.CoffeeDatabaseUITests;
				PRODUCT_NAME = "$(TARGET_NAME)";
				SDKROOT = auto;
				SUPPORTED_PLATFORMS = "iphoneos iphonesimulator macosx";
				SWIFT_EMIT_LOC_STRINGS = NO;
				SWIFT_VERSION = 5.0;
				TARGETED_DEVICE_FAMILY = "1,2";
				TEST_TARGET_NAME = CoffeeDatabase;
			};
			name = Release;
		};
/* End XCBuildConfiguration section */

/* Begin XCConfigurationList section */
		A119A5062BF81781006D1ED5 /* Build configuration list for PBXProject "CoffeeDatabase" */ = {
			isa = XCConfigurationList;
			buildConfigurations = (
				A119A5302BF81785006D1ED5 /* Debug */,
				A119A5312BF81785006D1ED5 /* Release */,
			);
			defaultConfigurationIsVisible = 0;
			defaultConfigurationName = Release;
		};
		A119A5322BF81785006D1ED5 /* Build configuration list for PBXNativeTarget "CoffeeDatabase" */ = {
			isa = XCConfigurationList;
			buildConfigurations = (
				A119A5332BF81785006D1ED5 /* Debug */,
				A119A5342BF81785006D1ED5 /* Release */,
			);
			defaultConfigurationIsVisible = 0;
			defaultConfigurationName = Release;
		};
		A119A5352BF81785006D1ED5 /* Build configuration list for PBXNativeTarget "CoffeeDatabaseTests" */ = {
			isa = XCConfigurationList;
			buildConfigurations = (
				A119A5362BF81785006D1ED5 /* Debug */,
				A119A5372BF81785006D1ED5 /* Release */,
			);
			defaultConfigurationIsVisible = 0;
			defaultConfigurationName = Release;
		};
		A119A5382BF81785006D1ED5 /* Build configuration list for PBXNativeTarget "CoffeeDatabaseUITests" */ = {
			isa = XCConfigurationList;
			buildConfigurations = (
				A119A5392BF81785006D1ED5 /* Debug */,
				A119A53A2BF81785006D1ED5 /* Release */,
			);
			defaultConfigurationIsVisible = 0;
			defaultConfigurationName = Release;
		};
/* End XCConfigurationList section */
	};
	rootObject = A119A5032BF81781006D1ED5 /* Project object */;
}
